// !$*UTF8*$!
{
	archiveVersion = 1;
	classes = {
	};
	objectVersion = 56;
	objects = {

/* Begin PBXBuildFile section */
		862FA2552A898E9B00B98117 /* LandmarksApp.swift in Sources */ = {isa = PBXBuildFile; fileRef = 862FA2542A898E9B00B98117 /* LandmarksApp.swift */; };
		862FA2592A898E9D00B98117 /* Assets.xcassets in Resources */ = {isa = PBXBuildFile; fileRef = 862FA2582A898E9D00B98117 /* Assets.xcassets */; };
		862FA25C2A898E9D00B98117 /* Preview Assets.xcassets in Resources */ = {isa = PBXBuildFile; fileRef = 862FA25B2A898E9D00B98117 /* Preview Assets.xcassets */; };
		862FA2662A898ECC00B98117 /* LandmarksModel.swift in Sources */ = {isa = PBXBuildFile; fileRef = 862FA2652A898ECC00B98117 /* LandmarksModel.swift */; };
		862FA2692A898EFD00B98117 /* DataLoader.swift in Sources */ = {isa = PBXBuildFile; fileRef = 862FA2682A898EFD00B98117 /* DataLoader.swift */; };
		862FA26B2A898F5200B98117 /* CircleImage.swift in Sources */ = {isa = PBXBuildFile; fileRef = 862FA26A2A898F5200B98117 /* CircleImage.swift */; };
		862FA26D2A898F6500B98117 /* LandmarksList.swift in Sources */ = {isa = PBXBuildFile; fileRef = 862FA26C2A898F6500B98117 /* LandmarksList.swift */; };
		862FA26F2A898F7700B98117 /* LandmarkRow.swift in Sources */ = {isa = PBXBuildFile; fileRef = 862FA26E2A898F7700B98117 /* LandmarkRow.swift */; };
		862FA2712A898F8F00B98117 /* LandmarkDetail.swift in Sources */ = {isa = PBXBuildFile; fileRef = 862FA2702A898F8F00B98117 /* LandmarkDetail.swift */; };
		862FA2732A898F9F00B98117 /* MapView.swift in Sources */ = {isa = PBXBuildFile; fileRef = 862FA2722A898F9F00B98117 /* MapView.swift */; };
		862FA2752A898FBD00B98117 /* landmarkData.json in Resources */ = {isa = PBXBuildFile; fileRef = 862FA2742A898FBD00B98117 /* landmarkData.json */; };
/* End PBXBuildFile section */

/* Begin PBXFileReference section */
		862FA2512A898E9B00B98117 /* Landmarks.app */ = {isa = PBXFileReference; explicitFileType = wrapper.application; includeInIndex = 0; path = Landmarks.app; sourceTree = BUILT_PRODUCTS_DIR; };
		862FA2542A898E9B00B98117 /* LandmarksApp.swift */ = {isa = PBXFileReference; lastKnownFileType = sourcecode.swift; path = LandmarksApp.swift; sourceTree = "<group>"; };
		862FA2582A898E9D00B98117 /* Assets.xcassets */ = {isa = PBXFileReference; lastKnownFileType = folder.assetcatalog; path = Assets.xcassets; sourceTree = "<group>"; };
		862FA25B2A898E9D00B98117 /* Preview Assets.xcassets */ = {isa = PBXFileReference; lastKnownFileType = folder.assetcatalog; path = "Preview Assets.xcassets"; sourceTree = "<group>"; };
		862FA2652A898ECC00B98117 /* LandmarksModel.swift */ = {isa = PBXFileReference; lastKnownFileType = sourcecode.swift; path = LandmarksModel.swift; sourceTree = "<group>"; };
		862FA2682A898EFD00B98117 /* DataLoader.swift */ = {isa = PBXFileReference; lastKnownFileType = sourcecode.swift; path = DataLoader.swift; sourceTree = "<group>"; };
		862FA26A2A898F5200B98117 /* CircleImage.swift */ = {isa = PBXFileReference; lastKnownFileType = sourcecode.swift; path = CircleImage.swift; sourceTree = "<group>"; };
		862FA26C2A898F6500B98117 /* LandmarksList.swift */ = {isa = PBXFileReference; lastKnownFileType = sourcecode.swift; path = LandmarksList.swift; sourceTree = "<group>"; };
		862FA26E2A898F7700B98117 /* LandmarkRow.swift */ = {isa = PBXFileReference; lastKnownFileType = sourcecode.swift; path = LandmarkRow.swift; sourceTree = "<group>"; };
		862FA2702A898F8F00B98117 /* LandmarkDetail.swift */ = {isa = PBXFileReference; lastKnownFileType = sourcecode.swift; path = LandmarkDetail.swift; sourceTree = "<group>"; };
		862FA2722A898F9F00B98117 /* MapView.swift */ = {isa = PBXFileReference; lastKnownFileType = sourcecode.swift; path = MapView.swift; sourceTree = "<group>"; };
		862FA2742A898FBD00B98117 /* landmarkData.json */ = {isa = PBXFileReference; fileEncoding = 4; lastKnownFileType = text.json; path = landmarkData.json; sourceTree = "<group>"; };
/* End PBXFileReference section */

/* Begin PBXFrameworksBuildPhase section */
		862FA24E2A898E9B00B98117 /* Frameworks */ = {
			isa = PBXFrameworksBuildPhase;
			buildActionMask = 2147483647;
			files = (
			);
			runOnlyForDeploymentPostprocessing = 0;
		};
/* End PBXFrameworksBuildPhase section */

/* Begin PBXGroup section */
		862FA2482A898E9B00B98117 = {
			isa = PBXGroup;
			children = (
				862FA2532A898E9B00B98117 /* Landmarks */,
				862FA2522A898E9B00B98117 /* Products */,
			);
			sourceTree = "<group>";
		};
		862FA2522A898E9B00B98117 /* Products */ = {
			isa = PBXGroup;
			children = (
				862FA2512A898E9B00B98117 /* Landmarks.app */,
			);
			name = Products;
			sourceTree = "<group>";
		};
		862FA2532A898E9B00B98117 /* Landmarks */ = {
			isa = PBXGroup;
			children = (
				862FA2622A898EA500B98117 /* App */,
				862FA2642A898EB300B98117 /* View */,
				862FA2672A898EDC00B98117 /* Model */,
				862FA2632A898EAA00B98117 /* Resources */,
				862FA25A2A898E9D00B98117 /* Preview Content */,
			);
			path = Landmarks;
			sourceTree = "<group>";
		};
		862FA25A2A898E9D00B98117 /* Preview Content */ = {
			isa = PBXGroup;
			children = (
				862FA25B2A898E9D00B98117 /* Preview Assets.xcassets */,
			);
			path = "Preview Content";
			sourceTree = "<group>";
		};
		862FA2622A898EA500B98117 /* App */ = {
			isa = PBXGroup;
			children = (
				862FA2542A898E9B00B98117 /* LandmarksApp.swift */,
			);
			path = App;
			sourceTree = "<group>";
		};
		862FA2632A898EAA00B98117 /* Resources */ = {
			isa = PBXGroup;
			children = (
				862FA2742A898FBD00B98117 /* landmarkData.json */,
				862FA2582A898E9D00B98117 /* Assets.xcassets */,
			);
			path = Resources;
			sourceTree = "<group>";
		};
		862FA2642A898EB300B98117 /* View */ = {
			isa = PBXGroup;
			children = (
				862FA26A2A898F5200B98117 /* CircleImage.swift */,
				862FA26C2A898F6500B98117 /* LandmarksList.swift */,
				862FA26E2A898F7700B98117 /* LandmarkRow.swift */,
				862FA2702A898F8F00B98117 /* LandmarkDetail.swift */,
				862FA2722A898F9F00B98117 /* MapView.swift */,
			);
			path = View;
			sourceTree = "<group>";
		};
		862FA2672A898EDC00B98117 /* Model */ = {
			isa = PBXGroup;
			children = (
				862FA2652A898ECC00B98117 /* LandmarksModel.swift */,
				862FA2682A898EFD00B98117 /* DataLoader.swift */,
			);
			path = Model;
			sourceTree = "<group>";
		};
/* End PBXGroup section */

/* Begin PBXNativeTarget section */
		862FA2502A898E9B00B98117 /* Landmarks */ = {
			isa = PBXNativeTarget;
			buildConfigurationList = 862FA25F2A898E9D00B98117 /* Build configuration list for PBXNativeTarget "Landmarks" */;
			buildPhases = (
				862FA24D2A898E9B00B98117 /* Sources */,
				862FA24E2A898E9B00B98117 /* Frameworks */,
				862FA24F2A898E9B00B98117 /* Resources */,
			);
			buildRules = (
			);
			dependencies = (
			);
			name = Landmarks;
			productName = Landmarks;
			productReference = 862FA2512A898E9B00B98117 /* Landmarks.app */;
			productType = "com.apple.product-type.application";
		};
/* End PBXNativeTarget section */

/* Begin PBXProject section */
		862FA2492A898E9B00B98117 /* Project object */ = {
			isa = PBXProject;
			attributes = {
				BuildIndependentTargetsInParallel = 1;
				LastSwiftUpdateCheck = 1430;
				LastUpgradeCheck = 1430;
				TargetAttributes = {
					862FA2502A898E9B00B98117 = {
						CreatedOnToolsVersion = 14.3;
					};
				};
			};
			buildConfigurationList = 862FA24C2A898E9B00B98117 /* Build configuration list for PBXProject "Landmarks" */;
			compatibilityVersion = "Xcode 14.0";
			developmentRegion = en;
			hasScannedForEncodings = 0;
			knownRegions = (
				en,
				Base,
			);
			mainGroup = 862FA2482A898E9B00B98117;
			productRefGroup = 862FA2522A898E9B00B98117 /* Products */;
			projectDirPath = "";
			projectRoot = "";
			targets = (
				862FA2502A898E9B00B98117 /* Landmarks */,
			);
		};
/* End PBXProject section */

/* Begin PBXResourcesBuildPhase section */
		862FA24F2A898E9B00B98117 /* Resources */ = {
			isa = PBXResourcesBuildPhase;
			buildActionMask = 2147483647;
			files = (
				862FA25C2A898E9D00B98117 /* Preview Assets.xcassets in Resources */,
				862FA2592A898E9D00B98117 /* Assets.xcassets in Resources */,
				862FA2752A898FBD00B98117 /* landmarkData.json in Resources */,
			);
			runOnlyForDeploymentPostprocessing = 0;
		};
/* End PBXResourcesBuildPhase section */

/* Begin PBXSourcesBuildPhase section */
		862FA24D2A898E9B00B98117 /* Sources */ = {
			isa = PBXSourcesBuildPhase;
			buildActionMask = 2147483647;
			files = (
				862FA26D2A898F6500B98117 /* LandmarksList.swift in Sources */,
				862FA2732A898F9F00B98117 /* MapView.swift in Sources */,
				862FA2552A898E9B00B98117 /* LandmarksApp.swift in Sources */,
				862FA26F2A898F7700B98117 /* LandmarkRow.swift in Sources */,
				862FA26B2A898F5200B98117 /* CircleImage.swift in Sources */,
				862FA2662A898ECC00B98117 /* LandmarksModel.swift in Sources */,
				862FA2692A898EFD00B98117 /* DataLoader.swift in Sources */,
				862FA2712A898F8F00B98117 /* LandmarkDetail.swift in Sources */,
			);
			runOnlyForDeploymentPostprocessing = 0;
		};
/* End PBXSourcesBuildPhase section */

/* Begin XCBuildConfiguration section */
		862FA25D2A898E9D00B98117 /* Debug */ = {
			isa = XCBuildConfiguration;
			buildSettings = {
				ALWAYS_SEARCH_USER_PATHS = NO;
				CLANG_ANALYZER_NONNULL = YES;
				CLANG_ANALYZER_NUMBER_OBJECT_CONVERSION = YES_AGGRESSIVE;
				CLANG_CXX_LANGUAGE_STANDARD = "gnu++20";
				CLANG_ENABLE_MODULES = YES;
				CLANG_ENABLE_OBJC_ARC = YES;
				CLANG_ENABLE_OBJC_WEAK = YES;
				CLANG_WARN_BLOCK_CAPTURE_AUTORELEASING = YES;
				CLANG_WARN_BOOL_CONVERSION = YES;
				CLANG_WARN_COMMA = YES;
				CLANG_WARN_CONSTANT_CONVERSION = YES;
				CLANG_WARN_DEPRECATED_OBJC_IMPLEMENTATIONS = YES;
				CLANG_WARN_DIRECT_OBJC_ISA_USAGE = YES_ERROR;
				CLANG_WARN_DOCUMENTATION_COMMENTS = YES;
				CLANG_WARN_EMPTY_BODY = YES;
				CLANG_WARN_ENUM_CONVERSION = YES;
				CLANG_WARN_INFINITE_RECURSION = YES;
				CLANG_WARN_INT_CONVERSION = YES;
				CLANG_WARN_NON_LITERAL_NULL_CONVERSION = YES;
				CLANG_WARN_OBJC_IMPLICIT_RETAIN_SELF = YES;
				CLANG_WARN_OBJC_LITERAL_CONVERSION = YES;
				CLANG_WARN_OBJC_ROOT_CLASS = YES_ERROR;
				CLANG_WARN_QUOTED_INCLUDE_IN_FRAMEWORK_HEADER = YES;
				CLANG_WARN_RANGE_LOOP_ANALYSIS = YES;
				CLANG_WARN_STRICT_PROTOTYPES = YES;
				CLANG_WARN_SUSPICIOUS_MOVE = YES;
				CLANG_WARN_UNGUARDED_AVAILABILITY = YES_AGGRESSIVE;
				CLANG_WARN_UNREACHABLE_CODE = YES;
				CLANG_WARN__DUPLICATE_METHOD_MATCH = YES;
				COPY_PHASE_STRIP = NO;
				DEBUG_INFORMATION_FORMAT = dwarf;
				ENABLE_STRICT_OBJC_MSGSEND = YES;
				ENABLE_TESTABILITY = YES;
				GCC_C_LANGUAGE_STANDARD = gnu11;
				GCC_DYNAMIC_NO_PIC = NO;
				GCC_NO_COMMON_BLOCKS = YES;
				GCC_OPTIMIZATION_LEVEL = 0;
				GCC_PREPROCESSOR_DEFINITIONS = (
					"DEBUG=1",
					"$(inherited)",
				);
				GCC_WARN_64_TO_32_BIT_CONVERSION = YES;
				GCC_WARN_ABOUT_RETURN_TYPE = YES_ERROR;
				GCC_WARN_UNDECLARED_SELECTOR = YES;
				GCC_WARN_UNINITIALIZED_AUTOS = YES_AGGRESSIVE;
				GCC_WARN_UNUSED_FUNCTION = YES;
				GCC_WARN_UNUSED_VARIABLE = YES;
				IPHONEOS_DEPLOYMENT_TARGET = 16.4;
				MTL_ENABLE_DEBUG_INFO = INCLUDE_SOURCE;
				MTL_FAST_MATH = YES;
				ONLY_ACTIVE_ARCH = YES;
				SDKROOT = iphoneos;
				SWIFT_ACTIVE_COMPILATION_CONDITIONS = DEBUG;
				SWIFT_OPTIMIZATION_LEVEL = "-Onone";
			};
			name = Debug;
		};
		862FA25E2A898E9D00B98117 /* Release */ = {
			isa = XCBuildConfiguration;
			buildSettings = {
				ALWAYS_SEARCH_USER_PATHS = NO;
				CLANG_ANALYZER_NONNULL = YES;
				CLANG_ANALYZER_NUMBER_OBJECT_CONVERSION = YES_AGGRESSIVE;
				CLANG_CXX_LANGUAGE_STANDARD = "gnu++20";
				CLANG_ENABLE_MODULES = YES;
				CLANG_ENABLE_OBJC_ARC = YES;
				CLANG_ENABLE_OBJC_WEAK = YES;
				CLANG_WARN_BLOCK_CAPTURE_AUTORELEASING = YES;
				CLANG_WARN_BOOL_CONVERSION = YES;
				CLANG_WARN_COMMA = YES;
				CLANG_WARN_CONSTANT_CONVERSION = YES;
				CLANG_WARN_DEPRECATED_OBJC_IMPLEMENTATIONS = YES;
				CLANG_WARN_DIRECT_OBJC_ISA_USAGE = YES_ERROR;
				CLANG_WARN_DOCUMENTATION_COMMENTS = YES;
				CLANG_WARN_EMPTY_BODY = YES;
				CLANG_WARN_ENUM_CONVERSION = YES;
				CLANG_WARN_INFINITE_RECURSION = YES;
				CLANG_WARN_INT_CONVERSION = YES;
				CLANG_WARN_NON_LITERAL_NULL_CONVERSION = YES;
				CLANG_WARN_OBJC_IMPLICIT_RETAIN_SELF = YES;
				CLANG_WARN_OBJC_LITERAL_CONVERSION = YES;
				CLANG_WARN_OBJC_ROOT_CLASS = YES_ERROR;
				CLANG_WARN_QUOTED_INCLUDE_IN_FRAMEWORK_HEADER = YES;
				CLANG_WARN_RANGE_LOOP_ANALYSIS = YES;
				CLANG_WARN_STRICT_PROTOTYPES = YES;
				CLANG_WARN_SUSPICIOUS_MOVE = YES;
				CLANG_WARN_UNGUARDED_AVAILABILITY = YES_AGGRESSIVE;
				CLANG_WARN_UNREACHABLE_CODE = YES;
				CLANG_WARN__DUPLICATE_METHOD_MATCH = YES;
				COPY_PHASE_STRIP = NO;
				DEBUG_INFORMATION_FORMAT = "dwarf-with-dsym";
				ENABLE_NS_ASSERTIONS = NO;
				ENABLE_STRICT_OBJC_MSGSEND = YES;
				GCC_C_LANGUAGE_STANDARD = gnu11;
				GCC_NO_COMMON_BLOCKS = YES;
				GCC_WARN_64_TO_32_BIT_CONVERSION = YES;
				GCC_WARN_ABOUT_RETURN_TYPE = YES_ERROR;
				GCC_WARN_UNDECLARED_SELECTOR = YES;
				GCC_WARN_UNINITIALIZED_AUTOS = YES_AGGRESSIVE;
				GCC_WARN_UNUSED_FUNCTION = YES;
				GCC_WARN_UNUSED_VARIABLE = YES;
				IPHONEOS_DEPLOYMENT_TARGET = 16.4;
				MTL_ENABLE_DEBUG_INFO = NO;
				MTL_FAST_MATH = YES;
				SDKROOT = iphoneos;
				SWIFT_COMPILATION_MODE = wholemodule;
				SWIFT_OPTIMIZATION_LEVEL = "-O";
				VALIDATE_PRODUCT = YES;
			};
			name = Release;
		};
		862FA2602A898E9D00B98117 /* Debug */ = {
			isa = XCBuildConfiguration;
			buildSettings = {
				ASSETCATALOG_COMPILER_APPICON_NAME = AppIcon;
				ASSETCATALOG_COMPILER_GLOBAL_ACCENT_COLOR_NAME = AccentColor;
				CODE_SIGN_STYLE = Automatic;
				CURRENT_PROJECT_VERSION = 1;
				DEVELOPMENT_ASSET_PATHS = "\"Landmarks/Preview Content\"";
				DEVELOPMENT_TEAM = KV859BQR3J;
				ENABLE_PREVIEWS = YES;
				GENERATE_INFOPLIST_FILE = YES;
				INFOPLIST_KEY_UIApplicationSceneManifest_Generation = YES;
				INFOPLIST_KEY_UIApplicationSupportsIndirectInputEvents = YES;
				INFOPLIST_KEY_UILaunchScreen_Generation = YES;
				INFOPLIST_KEY_UISupportedInterfaceOrientations_iPad = "UIInterfaceOrientationPortrait UIInterfaceOrientationPortraitUpsideDown UIInterfaceOrientationLandscapeLeft UIInterfaceOrientationLandscapeRight";
				INFOPLIST_KEY_UISupportedInterfaceOrientations_iPhone = "UIInterfaceOrientationPortrait UIInterfaceOrientationLandscapeLeft UIInterfaceOrientationLandscapeRight";
				LD_RUNPATH_SEARCH_PATHS = (
					"$(inherited)",
					"@executable_path/Frameworks",
				);
				MARKETING_VERSION = 1.0;
				PRODUCT_BUNDLE_IDENTIFIER = com.vladkarmalov.landmarks121241241241242352.Landmarks;
				PRODUCT_NAME = "$(TARGET_NAME)";
				SWIFT_EMIT_LOC_STRINGS = YES;
				SWIFT_VERSION = 5.0;
				TARGETED_DEVICE_FAMILY = "1,2";
			};
			name = Debug;
		};
		862FA2612A898E9D00B98117 /* Release */ = {
			isa = XCBuildConfiguration;
			buildSettings = {
				ASSETCATALOG_COMPILER_APPICON_NAME = AppIcon;
				ASSETCATALOG_COMPILER_GLOBAL_ACCENT_COLOR_NAME = AccentColor;
				CODE_SIGN_STYLE = Automatic;
				CURRENT_PROJECT_VERSION = 1;
				DEVELOPMENT_ASSET_PATHS = "\"Landmarks/Preview Content\"";
				DEVELOPMENT_TEAM = KV859BQR3J;
				ENABLE_PREVIEWS = YES;
				GENERATE_INFOPLIST_FILE = YES;
				INFOPLIST_KEY_UIApplicationSceneManifest_Generation = YES;
				INFOPLIST_KEY_UIApplicationSupportsIndirectInputEvents = YES;
				INFOPLIST_KEY_UILaunchScreen_Generation = YES;
				INFOPLIST_KEY_UISupportedInterfaceOrientations_iPad = "UIInterfaceOrientationPortrait UIInterfaceOrientationPortraitUpsideDown UIInterfaceOrientationLandscapeLeft UIInterfaceOrientationLandscapeRight";
				INFOPLIST_KEY_UISupportedInterfaceOrientations_iPhone = "UIInterfaceOrientationPortrait UIInterfaceOrientationLandscapeLeft UIInterfaceOrientationLandscapeRight";
				LD_RUNPATH_SEARCH_PATHS = (
					"$(inherited)",
					"@executable_path/Frameworks",
				);
				MARKETING_VERSION = 1.0;
				PRODUCT_BUNDLE_IDENTIFIER = com.vladkarmalov.landmarks121241241241242352.Landmarks;
				PRODUCT_NAME = "$(TARGET_NAME)";
				SWIFT_EMIT_LOC_STRINGS = YES;
				SWIFT_VERSION = 5.0;
				TARGETED_DEVICE_FAMILY = "1,2";
			};
			name = Release;
		};
/* End XCBuildConfiguration section */

/* Begin XCConfigurationList section */
		862FA24C2A898E9B00B98117 /* Build configuration list for PBXProject "Landmarks" */ = {
			isa = XCConfigurationList;
			buildConfigurations = (
				862FA25D2A898E9D00B98117 /* Debug */,
				862FA25E2A898E9D00B98117 /* Release */,
			);
			defaultConfigurationIsVisible = 0;
			defaultConfigurationName = Release;
		};
		862FA25F2A898E9D00B98117 /* Build configuration list for PBXNativeTarget "Landmarks" */ = {
			isa = XCConfigurationList;
			buildConfigurations = (
				862FA2602A898E9D00B98117 /* Debug */,
				862FA2612A898E9D00B98117 /* Release */,
			);
			defaultConfigurationIsVisible = 0;
			defaultConfigurationName = Release;
		};
/* End XCConfigurationList section */
	};
	rootObject = 862FA2492A898E9B00B98117 /* Project object */;
}
